
Microsoft Visual Studio Solution File, Format Version 12.00
# Visual Studio Version 17
VisualStudioVersion = 17.5.33424.131
MinimumVisualStudioVersion = 10.0.40219.1
Project("{FAE04EC0-301F-11D3-BF4B-00C04F79EFBC}") = "Adapter", "Adapter\Adapter.csproj", "{264A2CFF-422A-425C-A577-2F9B351D22FF}"
EndProject
Project("{FAE04EC0-301F-11D3-BF4B-00C04F79EFBC}") = "ObjectAdapter", "ObjectAdapter\ObjectAdapter.csproj", "{DFE1D757-B172-4194-A525-1CD8463E2107}"
EndProject
Global
	GlobalSection(SolutionConfigurationPlatforms) = preSolution
		Debug|Any CPU = Debug|Any CPU
		Release|Any CPU = Release|Any CPU
	EndGlobalSection
	GlobalSection(ProjectConfigurationPlatforms) = postSolution
		{264A2CFF-422A-425C-A577-2F9B351D22FF}.Debug|Any CPU.ActiveCfg = Debug|Any CPU
		{264A2CFF-422A-425C-A577-2F9B351D22FF}.Debug|Any CPU.Build.0 = Debug|Any CPU
		{264A2CFF-422A-425C-A577-2F9B351D22FF}.Release|Any CPU.ActiveCfg = Release|Any CPU
		{264A2CFF-422A-425C-A577-2F9B351D22FF}.Release|Any CPU.Build.0 = Release|Any CPU
		{DFE1D757-B172-4194-A525-1CD8463E2107}.Debug|Any CPU.ActiveCfg = Debug|Any CPU
		{DFE1D757-B172-4194-A525-1CD8463E2107}.Debug|Any CPU.Build.0 = Debug|Any CPU
		{DFE1D757-B172-4194-A525-1CD8463E2107}.Release|Any CPU.ActiveCfg = Release|Any CPU
		{DFE1D757-B172-4194-A525-1CD8463E2107}.Release|Any CPU.Build.0 = Release|Any CPU
	EndGlobalSection
	GlobalSection(SolutionProperties) = preSolution
		HideSolutionNode = FALSE
	EndGlobalSection
	GlobalSection(ExtensibilityGlobals) = postSolution
		SolutionGuid = {578B23EC-BB9B-437C-AA18-99B770727179}
	EndGlobalSection
EndGlobal
